github.com/Patrick-ring-motive/String v0.0.0-20240418143655-9ee1e1d61177 h1:9L8n8sX3Hrekazl5O04iDbX0aDJgYX1xpI3771w6kAU=
github.com/Patrick-ring-motive/String v0.0.0-20240418143655-9ee1e1d61177/go.mod h1:vpwKMAN0n2+IAW5fT2SPsTlkynb3N9unbiernSwREn8=
github.com/Patrick-ring-motive/String v0.0.0-20240418171013-9b1c245e7350 h1:IoUAoDrFr0F3Wrh2ReVofl9LBUifLMFHv80pp1POPXA=
github.com/Patrick-ring-motive/String v0.0.0-20240418171013-9b1c245e7350/go.mod h1:RVokyHTW1GhADbiDYq1dPfS2SurOVgtbUzuPg7HElzU=
github.com/Patrick-ring-motive/String v0.0.0-20240418171400-07da0bd8f61a h1:LXp+VBhYncnv5tjNKVuVDlXKz/LDuo265GSPuiIjkR0=
github.com/Patrick-ring-motive/String v0.0.0-20240418171400-07da0bd8f61a/go.mod h1:RVokyHTW1GhADbiDYq1dPfS2SurOVgtbUzuPg7HElzU=
github.com/Patrick-ring-motive/String v0.0.0-20240418171929-2a4d4a786a69 h1:JRCwAGZ2Yb/XbS8QnO3wXz5wEdBvp5WErn+/wr8DOhM=
github.com/Patrick-ring-motive/String v0.0.0-20240418171929-2a4d4a786a69/go.mod h1:RVokyHTW1GhADbiDYq1dPfS2SurOVgtbUzuPg7HElzU=
github.com/Patrick-ring-motive/deferrable v0.0.0-20240305173137-1b9086e4accc h1:iYYFMigEnH5+iSc8CPpdG3sJ3wJNlgFoDbqgtVZhhJA=
github.com/Patrick-ring-motive/deferrable v0.0.0-20240305173137-1b9086e4accc/go.mod h1:CWVDI7DomKYCl8UPgCF1lipVeCXs6IwruMFDWZGBTXI=
github.com/Patrick-ring-motive/httpne v0.0.0-20240418031712-92583b359da0 h1:2Bdh4/FIY1enOUBdRyu8Lmxshaidzu1vmsVnq7qkqeE=
github.com/Patrick-ring-motive/httpne v0.0.0-20240418031712-92583b359da0/go.mod h1:g0M01zzPYTomaOPKaqT1WW4/8wW2S0K5QFAWnw43AIY=
github.com/Patrick-ring-motive/ione v0.0.0-20240418031148-2b2c306ee19c h1:8kdXeKlLboY10vcdwnwx5rPeS4pXybHHx4BDJ6Lm4/8=
github.com/Patrick-ring-motive/ione v0.0.0-20240418031148-2b2c306ee19c/go.mod h1:KrBrRMEa/+EU0sVsEzeROOn1mXXQyOwVaA0iZpcgk14=
github.com/Patrick-ring-motive/traigo v0.0.0-20240414033216-ad52aa5ce0c7 h1:UJDqces4zT6uKVznOlh7WrjZGy0i3xt2OeAwuIOri4g=
github.com/Patrick-ring-motive/traigo v0.0.0-20240414033216-ad52aa5ce0c7/go.mod h1:nJGt5fp3HXWWdmYaYPsp02WdoW8UoYQVGbNIeIgarmo=
github.com/Patrick-ring-motive/utils v0.0.0-20240318150730-fe258b7060a9 h1:/0Lq7Ze8Q+ZmUXcrKNKpR620uL6gmMWswNxjYsgR/Zo=
github.com/Patrick-ring-motive/utils v0.0.0-20240318150730-fe258b7060a9/go.mod h1:DlxDMFh00WWZ7kD5tKwOXEs8bBeBY0FxkAMMFHNarfE=
